PODS:
  - OCHamcrest (3.0.1)
  - OCMockito (1.2.0):
    - OCHamcrest (~> 3.0)
  - TBCacao (0.0.2)

DEPENDENCIES:
  - OCHamcrest
  - OCMockito
  - TBCacao

SPEC CHECKSUMS:
  OCHamcrest: 782c52ae8c673e5d6060a65005cfd26d20d519ba
  OCMockito: 050fca9528760faa8b5fafc82faad9d54f0864c0
  TBCacao: fb6134236cf304cc6b21e8d76eb2a035e09fb742

COCOAPODS: 0.32.1
