PODS:
  - CocoaLumberjack (1.9.2):
    - CocoaLumberjack/Extensions (= 1.9.2)
  - CocoaLumberjack/Core (1.9.2)
  - CocoaLumberjack/Extensions (1.9.2):
    - CocoaLumberjack/Core
  - OCHamcrest (4.1.1)
  - OCMockito (1.4.0):
    - OCHamcrest (~> 4.0)
  - PureLayout (2.0.4)
  - Sparkle (1.8.0)
  - TBCacao (0.0.2)

DEPENDENCIES:
  - CocoaLumberjack (= 1.9.2)
  - OCHamcrest (= 4.1.1)
  - OCMockito (= 1.4.0)
  - PureLayout (= 2.0.4)
  - Sparkle (= 1.8.0)
  - TBCacao (= 0.0.2)

SPEC CHECKSUMS:
  CocoaLumberjack: 205769c032b5fef85b92472046bcc8b7e7c8a817
  OCHamcrest: af1c7c5ea345de69ea6c9c2958f65f3044e5c420
  OCMockito: 991936bb775cc4c27f063d38f5e17b9161fbd21c
  PureLayout: ddf4fedf7e2f5984f972bbd2205dda4fc3418347
  Sparkle: 5eb20bb37ca21e471dab8417dee880198d905327
  TBCacao: 81edd5849d972f1869ab640e6c6e638f765141d2

COCOAPODS: 0.35.0
