{
  "object": {
    "pins": [
      {
        "package": "Socket",
        "repositoryURL": "https://github.com/IBM-Swift/BlueSocket",
        "state": {
          "branch": null,
          "revision": "c46a3d41f5b2401d18bcb46d0101cdc5cd13e307",
          "version": "1.0.52"
        }
      },
      {
        "package": "CwlCatchException",
        "repositoryURL": "https://github.com/mattgallagher/CwlCatchException.git",
        "state": {
          "branch": null,
          "revision": "f809deb30dc5c9d9b78c872e553261a61177721a",
          "version": "2.0.0"
        }
      },
      {
        "package": "CwlPreconditionTesting",
        "repositoryURL": "https://github.com/mattgallagher/CwlPreconditionTesting.git",
        "state": {
          "branch": null,
          "revision": "02b7a39a99c4da27abe03cab2053a9034379639f",
          "version": "2.0.0"
        }
      },
      {
        "package": "DictionaryCoding",
        "repositoryURL": "https://github.com/elegantchaos/DictionaryCoding",
        "state": {
          "branch": null,
          "revision": "ae19e456bd550fed8f341e5bae4318333c53a5b4",
          "version": "1.0.9"
        }
      },
      {
        "package": "Down",
        "repositoryURL": "https://github.com/iwasrobbed/Down",
        "state": {
          "branch": null,
          "revision": "f34b166be1f1db4aa8f573067e901d72f2a6be57",
          "version": "0.11.0"
        }
      },
      {
        "package": "EonilFSEvents",
        "repositoryURL": "https://github.com/eonil/FSEvents",
        "state": {
          "branch": null,
          "revision": "e6b7cdfa2754454e194a45ee6c2004d0f630fe88",
          "version": "0.1.7"
        }
      },
      {
        "package": "MaterialIcons",
        "repositoryURL": "https://github.com/qvacua/material-icons",
        "state": {
          "branch": null,
          "revision": "c3db645060fd27df5f7e0a9873c2af22c280725e",
          "version": "0.1.0"
        }
      },
      {
        "package": "MessagePack",
        "repositoryURL": "https://github.com/a2/MessagePack.swift",
        "state": {
          "branch": null,
          "revision": "27b35fd49e92fcae395bf8ccb233499d89cc7890",
          "version": "4.0.0"
        }
      },
      {
        "package": "Nimble",
        "repositoryURL": "https://github.com/Quick/Nimble",
        "state": {
          "branch": null,
          "revision": "af1730dde4e6c0d45bf01b99f8a41713ce536790",
          "version": "9.2.0"
        }
      },
      {
        "package": "PureLayout",
        "repositoryURL": "https://github.com/PureLayout/PureLayout",
        "state": {
          "branch": null,
          "revision": "5561683c96dc49b023c1299bfe4f6fbeed5f8199",
          "version": "3.1.9"
        }
      },
      {
        "package": "RxSwift",
        "repositoryURL": "https://github.com/ReactiveX/RxSwift",
        "state": {
          "branch": null,
          "revision": "7c17a6ccca06b5c107cfa4284e634562ddaf5951",
          "version": "6.2.0"
        }
      },
      {
        "package": "ShortcutRecorder",
        "repositoryURL": "https://github.com/Kentzo/ShortcutRecorder",
        "state": {
          "branch": null,
          "revision": "07b065085e172d85b7b5a0f3cc05f6ed47ad5af1",
          "version": "3.3.0"
        }
      },
      {
        "package": "Sparkle",
        "repositoryURL": "https://github.com/sparkle-project/Sparkle",
        "state": {
          "branch": null,
          "revision": "c0933a516b420806e9216e71bd13ba76c54f0de6",
          "version": "1.26.0"
        }
      },
      {
        "package": "Swifter",
        "repositoryURL": "https://github.com/httpswift/swifter",
        "state": {
          "branch": null,
          "revision": "9483a5d459b45c3ffd059f7b55f9638e268632fd",
          "version": "1.5.0"
        }
      }
    ]
  },
  "version": 1
}
