{
  "originHash" : "eb33555455a7a7a9bedb6a20a6b0319abe17c28ed9057fee5b2353497d23dfa3",
  "pins" : [
    {
      "identity" : "cwlcatchexception",
      "kind" : "remoteSourceControl",
      "location" : "https://github.com/mattgallagher/CwlCatchException.git",
      "state" : {
        "revision" : "3b123999de19bf04905bc1dfdb76f817b0f2cc00",
        "version" : "2.1.2"
      }
    },
    {
      "identity" : "cwlpreconditiontesting",
      "kind" : "remoteSourceControl",
      "location" : "https://github.com/mattgallagher/CwlPreconditionTesting.git",
      "state" : {
        "revision" : "dc9af4781f2afdd1e68e90f80b8603be73ea7abc",
        "version" : "2.2.0"
      }
    },
    {
      "identity" : "dictionarycoding",
      "kind" : "remoteSourceControl",
      "location" : "https://github.com/elegantchaos/DictionaryCoding",
      "state" : {
        "revision" : "ae19e456bd550fed8f341e5bae4318333c53a5b4",
        "version" : "1.0.9"
      }
    },
    {
      "identity" : "down",
      "kind" : "remoteSourceControl",
      "location" : "https://github.com/johnxnguyen/Down",
      "state" : {
        "revision" : "f34b166be1f1db4aa8f573067e901d72f2a6be57",
        "version" : "0.11.0"
      }
    },
    {
      "identity" : "fsevents",
      "kind" : "remoteSourceControl",
      "location" : "https://github.com/qvacua/FSEvents",
      "state" : {
        "revision" : "60cc692dd81dab793638b2a7f12e01189646673f",
        "version" : "0.1.8"
      }
    },
    {
      "identity" : "material-icons",
      "kind" : "remoteSourceControl",
      "location" : "https://github.com/qvacua/material-icons",
      "state" : {
        "revision" : "96647dc85442d7ccf114b442b6e4b76ab2bee176",
        "version" : "0.2.0"
      }
    },
    {
      "identity" : "messagepack.swift",
      "kind" : "remoteSourceControl",
      "location" : "https://github.com/qvacua/MessagePack.swift",
      "state" : {
        "revision" : "e5e7708911a1032f0fa120c38292797734f4160c",
        "version" : "4.1.0"
      }
    },
    {
      "identity" : "misc.swift",
      "kind" : "remoteSourceControl",
      "location" : "https://github.com/qvacua/misc.swift",
      "state" : {
        "revision" : "f09093d8308750544d448f7b305ecf185293547c",
        "version" : "0.4.0"
      }
    },
    {
      "identity" : "nimble",
      "kind" : "remoteSourceControl",
      "location" : "https://github.com/Quick/Nimble",
      "state" : {
        "revision" : "7795df4fff1a9cd231fe4867ae54f4dc5f5734f9",
        "version" : "13.7.1"
      }
    },
    {
      "identity" : "purelayout",
      "kind" : "remoteSourceControl",
      "location" : "https://github.com/PureLayout/PureLayout",
      "state" : {
        "revision" : "5561683c96dc49b023c1299bfe4f6fbeed5f8199",
        "version" : "3.1.9"
      }
    },
    {
      "identity" : "shortcutrecorder",
      "kind" : "remoteSourceControl",
      "location" : "https://github.com/Kentzo/ShortcutRecorder",
      "state" : {
        "revision" : "c86ce0f9be5353ba998966121c7631602a9a36f7",
        "version" : "3.4.0"
      }
    },
    {
      "identity" : "sparkle",
      "kind" : "remoteSourceControl",
      "location" : "https://github.com/sparkle-project/Sparkle",
      "state" : {
        "revision" : "df074165274afaa39539c05d57b0832620775b11",
        "version" : "2.7.1"
      }
    },
    {
      "identity" : "swift-collections",
      "kind" : "remoteSourceControl",
      "location" : "https://github.com/apple/swift-collections.git",
      "state" : {
        "revision" : "8c0c0a8b49e080e54e5e328cc552821ff07cd341",
        "version" : "1.2.1"
      }
    },
    {
      "identity" : "swifter",
      "kind" : "remoteSourceControl",
      "location" : "https://github.com/httpswift/swifter",
      "state" : {
        "revision" : "9483a5d459b45c3ffd059f7b55f9638e268632fd",
        "version" : "1.5.0"
      }
    }
  ],
  "version" : 3
}
