// !$*UTF8*$!
{
	archiveVersion = 1;
	classes = {
	};
	objectVersion = 50;
	objects = {

/* Begin PBXBuildFile section */
		1929BD74E96247C6E8458B86 /* RxSwiftCommons.swift in Sources */ = {isa = PBXBuildFile; fileRef = 1929B0B9215AF6A3082AB24B /* RxSwiftCommons.swift */; };
		4B06F6C4224526A80069C9F2 /* AppDelegate.swift in Sources */ = {isa = PBXBuildFile; fileRef = 4B06F6C3224526A80069C9F2 /* AppDelegate.swift */; };
		4B06F6C6224526A80069C9F2 /* Document.swift in Sources */ = {isa = PBXBuildFile; fileRef = 4B06F6C5224526A80069C9F2 /* Document.swift */; };
		4B06F6C9224526A90069C9F2 /* Document.xib in Resources */ = {isa = PBXBuildFile; fileRef = 4B06F6C7224526A80069C9F2 /* Document.xib */; };
		4B06F6CB224526A90069C9F2 /* Assets.xcassets in Resources */ = {isa = PBXBuildFile; fileRef = 4B06F6CA224526A90069C9F2 /* Assets.xcassets */; };
		4B06F6CE224526A90069C9F2 /* MainMenu.xib in Resources */ = {isa = PBXBuildFile; fileRef = 4B06F6CC224526A90069C9F2 /* MainMenu.xib */; };
		4BF78FB4224A17D800D5A018 /* RxMessagePort.framework in Frameworks */ = {isa = PBXBuildFile; fileRef = 4BF78FAD224A17D800D5A018 /* RxMessagePort.framework */; };
		4BF78FB5224A17D800D5A018 /* MessagePack.framework in Frameworks */ = {isa = PBXBuildFile; fileRef = 4BF78FAE224A17D800D5A018 /* MessagePack.framework */; };
		4BF78FB6224A17D800D5A018 /* RxMsgpackRpc.framework in Frameworks */ = {isa = PBXBuildFile; fileRef = 4BF78FAF224A17D800D5A018 /* RxMsgpackRpc.framework */; };
		4BF78FB7224A17D800D5A018 /* RxNeovimApi.framework in Frameworks */ = {isa = PBXBuildFile; fileRef = 4BF78FB0224A17D800D5A018 /* RxNeovimApi.framework */; };
		4BF78FB8224A17D800D5A018 /* Socket.framework in Frameworks */ = {isa = PBXBuildFile; fileRef = 4BF78FB1224A17D800D5A018 /* Socket.framework */; };
		4BF78FB9224A17D800D5A018 /* PureLayout.framework in Frameworks */ = {isa = PBXBuildFile; fileRef = 4BF78FB2224A17D800D5A018 /* PureLayout.framework */; };
		4BF78FBA224A17D800D5A018 /* RxSwift.framework in Frameworks */ = {isa = PBXBuildFile; fileRef = 4BF78FB3224A17D800D5A018 /* RxSwift.framework */; };
		4BF78FBC224A17E700D5A018 /* NvimView.framework in Frameworks */ = {isa = PBXBuildFile; fileRef = 4BF78FBB224A17E700D5A018 /* NvimView.framework */; };
		4BF78FBD224A185600D5A018 /* NvimView.framework in Embed Frameworks */ = {isa = PBXBuildFile; fileRef = 4BF78FBB224A17E700D5A018 /* NvimView.framework */; settings = {ATTRIBUTES = (CodeSignOnCopy, RemoveHeadersOnCopy, ); }; };
		4BF78FBE224A185600D5A018 /* MessagePack.framework in Embed Frameworks */ = {isa = PBXBuildFile; fileRef = 4BF78FAE224A17D800D5A018 /* MessagePack.framework */; settings = {ATTRIBUTES = (CodeSignOnCopy, RemoveHeadersOnCopy, ); }; };
		4BF78FBF224A185600D5A018 /* PureLayout.framework in Embed Frameworks */ = {isa = PBXBuildFile; fileRef = 4BF78FB2224A17D800D5A018 /* PureLayout.framework */; settings = {ATTRIBUTES = (CodeSignOnCopy, RemoveHeadersOnCopy, ); }; };
		4BF78FC0224A185600D5A018 /* RxMessagePort.framework in Embed Frameworks */ = {isa = PBXBuildFile; fileRef = 4BF78FAD224A17D800D5A018 /* RxMessagePort.framework */; settings = {ATTRIBUTES = (CodeSignOnCopy, RemoveHeadersOnCopy, ); }; };
		4BF78FC1224A185600D5A018 /* RxMsgpackRpc.framework in Embed Frameworks */ = {isa = PBXBuildFile; fileRef = 4BF78FAF224A17D800D5A018 /* RxMsgpackRpc.framework */; settings = {ATTRIBUTES = (CodeSignOnCopy, RemoveHeadersOnCopy, ); }; };
		4BF78FC2224A185600D5A018 /* RxNeovimApi.framework in Embed Frameworks */ = {isa = PBXBuildFile; fileRef = 4BF78FB0224A17D800D5A018 /* RxNeovimApi.framework */; settings = {ATTRIBUTES = (CodeSignOnCopy, RemoveHeadersOnCopy, ); }; };
		4BF78FC3224A185600D5A018 /* RxSwift.framework in Embed Frameworks */ = {isa = PBXBuildFile; fileRef = 4BF78FB3224A17D800D5A018 /* RxSwift.framework */; settings = {ATTRIBUTES = (CodeSignOnCopy, RemoveHeadersOnCopy, ); }; };
		4BF78FC4224A185600D5A018 /* Socket.framework in Embed Frameworks */ = {isa = PBXBuildFile; fileRef = 4BF78FB1224A17D800D5A018 /* Socket.framework */; settings = {ATTRIBUTES = (CodeSignOnCopy, RemoveHeadersOnCopy, ); }; };
/* End PBXBuildFile section */

/* Begin PBXCopyFilesBuildPhase section */
		4B06F6EB224528020069C9F2 /* Embed Frameworks */ = {
			isa = PBXCopyFilesBuildPhase;
			buildActionMask = 2147483647;
			dstPath = "";
			dstSubfolderSpec = 10;
			files = (
				4BF78FBD224A185600D5A018 /* NvimView.framework in Embed Frameworks */,
				4BF78FBE224A185600D5A018 /* MessagePack.framework in Embed Frameworks */,
				4BF78FBF224A185600D5A018 /* PureLayout.framework in Embed Frameworks */,
				4BF78FC0224A185600D5A018 /* RxMessagePort.framework in Embed Frameworks */,
				4BF78FC1224A185600D5A018 /* RxMsgpackRpc.framework in Embed Frameworks */,
				4BF78FC2224A185600D5A018 /* RxNeovimApi.framework in Embed Frameworks */,
				4BF78FC3224A185600D5A018 /* RxSwift.framework in Embed Frameworks */,
				4BF78FC4224A185600D5A018 /* Socket.framework in Embed Frameworks */,
			);
			name = "Embed Frameworks";
			runOnlyForDeploymentPostprocessing = 0;
		};
/* End PBXCopyFilesBuildPhase section */

/* Begin PBXFileReference section */
		1929B0B9215AF6A3082AB24B /* RxSwiftCommons.swift */ = {isa = PBXFileReference; fileEncoding = 4; lastKnownFileType = sourcecode.swift; path = RxSwiftCommons.swift; sourceTree = "<group>"; };
		4B06F6C0224526A80069C9F2 /* Nvim.app */ = {isa = PBXFileReference; explicitFileType = wrapper.application; includeInIndex = 0; path = Nvim.app; sourceTree = BUILT_PRODUCTS_DIR; };
		4B06F6C3224526A80069C9F2 /* AppDelegate.swift */ = {isa = PBXFileReference; lastKnownFileType = sourcecode.swift; path = AppDelegate.swift; sourceTree = "<group>"; };
		4B06F6C5224526A80069C9F2 /* Document.swift */ = {isa = PBXFileReference; lastKnownFileType = sourcecode.swift; path = Document.swift; sourceTree = "<group>"; };
		4B06F6C8224526A80069C9F2 /* Base */ = {isa = PBXFileReference; lastKnownFileType = file.xib; name = Base; path = Base.lproj/Document.xib; sourceTree = "<group>"; };
		4B06F6CA224526A90069C9F2 /* Assets.xcassets */ = {isa = PBXFileReference; lastKnownFileType = folder.assetcatalog; path = Assets.xcassets; sourceTree = "<group>"; };
		4B06F6CD224526A90069C9F2 /* Base */ = {isa = PBXFileReference; lastKnownFileType = file.xib; name = Base; path = Base.lproj/MainMenu.xib; sourceTree = "<group>"; };
		4B06F6CF224526A90069C9F2 /* Info.plist */ = {isa = PBXFileReference; lastKnownFileType = text.plist.xml; path = Info.plist; sourceTree = "<group>"; };
		4BF78FAD224A17D800D5A018 /* RxMessagePort.framework */ = {isa = PBXFileReference; lastKnownFileType = wrapper.framework; name = RxMessagePort.framework; path = ../Carthage/Build/Mac/RxMessagePort.framework; sourceTree = "<group>"; };
		4BF78FAE224A17D800D5A018 /* MessagePack.framework */ = {isa = PBXFileReference; lastKnownFileType = wrapper.framework; name = MessagePack.framework; path = ../Carthage/Build/Mac/MessagePack.framework; sourceTree = "<group>"; };
		4BF78FAF224A17D800D5A018 /* RxMsgpackRpc.framework */ = {isa = PBXFileReference; lastKnownFileType = wrapper.framework; name = RxMsgpackRpc.framework; path = ../Carthage/Build/Mac/RxMsgpackRpc.framework; sourceTree = "<group>"; };
		4BF78FB0224A17D800D5A018 /* RxNeovimApi.framework */ = {isa = PBXFileReference; lastKnownFileType = wrapper.framework; name = RxNeovimApi.framework; path = ../Carthage/Build/Mac/RxNeovimApi.framework; sourceTree = "<group>"; };
		4BF78FB1224A17D800D5A018 /* Socket.framework */ = {isa = PBXFileReference; lastKnownFileType = wrapper.framework; name = Socket.framework; path = ../Carthage/Build/Mac/Socket.framework; sourceTree = "<group>"; };
		4BF78FB2224A17D800D5A018 /* PureLayout.framework */ = {isa = PBXFileReference; lastKnownFileType = wrapper.framework; name = PureLayout.framework; path = ../Carthage/Build/Mac/PureLayout.framework; sourceTree = "<group>"; };
		4BF78FB3224A17D800D5A018 /* RxSwift.framework */ = {isa = PBXFileReference; lastKnownFileType = wrapper.framework; name = RxSwift.framework; path = ../Carthage/Build/Mac/RxSwift.framework; sourceTree = "<group>"; };
		4BF78FBB224A17E700D5A018 /* NvimView.framework */ = {isa = PBXFileReference; explicitFileType = wrapper.framework; path = NvimView.framework; sourceTree = BUILT_PRODUCTS_DIR; };
/* End PBXFileReference section */

/* Begin PBXFrameworksBuildPhase section */
		4B06F6BD224526A80069C9F2 /* Frameworks */ = {
			isa = PBXFrameworksBuildPhase;
			buildActionMask = 2147483647;
			files = (
				4BF78FBC224A17E700D5A018 /* NvimView.framework in Frameworks */,
				4BF78FB4224A17D800D5A018 /* RxMessagePort.framework in Frameworks */,
				4BF78FB8224A17D800D5A018 /* Socket.framework in Frameworks */,
				4BF78FBA224A17D800D5A018 /* RxSwift.framework in Frameworks */,
				4BF78FB6224A17D800D5A018 /* RxMsgpackRpc.framework in Frameworks */,
				4BF78FB5224A17D800D5A018 /* MessagePack.framework in Frameworks */,
				4BF78FB9224A17D800D5A018 /* PureLayout.framework in Frameworks */,
				4BF78FB7224A17D800D5A018 /* RxNeovimApi.framework in Frameworks */,
			);
			runOnlyForDeploymentPostprocessing = 0;
		};
/* End PBXFrameworksBuildPhase section */

/* Begin PBXGroup section */
		4B06F6B7224526A80069C9F2 = {
			isa = PBXGroup;
			children = (
				4B06F6C2224526A80069C9F2 /* Nvim */,
				4B06F6C1224526A80069C9F2 /* Products */,
				4BF78FAC224A17A000D5A018 /* Frameworks */,
			);
			sourceTree = "<group>";
		};
		4B06F6C1224526A80069C9F2 /* Products */ = {
			isa = PBXGroup;
			children = (
				4B06F6C0224526A80069C9F2 /* Nvim.app */,
			);
			name = Products;
			sourceTree = "<group>";
		};
		4B06F6C2224526A80069C9F2 /* Nvim */ = {
			isa = PBXGroup;
			children = (
				4B06F6C3224526A80069C9F2 /* AppDelegate.swift */,
				4B06F6C5224526A80069C9F2 /* Document.swift */,
				4B06F6C7224526A80069C9F2 /* Document.xib */,
				4B06F6CA224526A90069C9F2 /* Assets.xcassets */,
				4B06F6CC224526A90069C9F2 /* MainMenu.xib */,
				4B06F6CF224526A90069C9F2 /* Info.plist */,
				1929B0B9215AF6A3082AB24B /* RxSwiftCommons.swift */,
			);
			path = Nvim;
			sourceTree = "<group>";
		};
		4BF78FAC224A17A000D5A018 /* Frameworks */ = {
			isa = PBXGroup;
			children = (
				4BF78FBB224A17E700D5A018 /* NvimView.framework */,
				4BF78FAE224A17D800D5A018 /* MessagePack.framework */,
				4BF78FB2224A17D800D5A018 /* PureLayout.framework */,
				4BF78FAD224A17D800D5A018 /* RxMessagePort.framework */,
				4BF78FAF224A17D800D5A018 /* RxMsgpackRpc.framework */,
				4BF78FB0224A17D800D5A018 /* RxNeovimApi.framework */,
				4BF78FB3224A17D800D5A018 /* RxSwift.framework */,
				4BF78FB1224A17D800D5A018 /* Socket.framework */,
			);
			name = Frameworks;
			sourceTree = "<group>";
		};
/* End PBXGroup section */

/* Begin PBXNativeTarget section */
		4B06F6BF224526A80069C9F2 /* Nvim */ = {
			isa = PBXNativeTarget;
			buildConfigurationList = 4B06F6D3224526A90069C9F2 /* Build configuration list for PBXNativeTarget "Nvim" */;
			buildPhases = (
				4B06F6BC224526A80069C9F2 /* Sources */,
				4B06F6BD224526A80069C9F2 /* Frameworks */,
				4B06F6BE224526A80069C9F2 /* Resources */,
				4B06F6EB224528020069C9F2 /* Embed Frameworks */,
			);
			buildRules = (
			);
			dependencies = (
			);
			name = Nvim;
			productName = Nvim;
			productReference = 4B06F6C0224526A80069C9F2 /* Nvim.app */;
			productType = "com.apple.product-type.application";
		};
/* End PBXNativeTarget section */

/* Begin PBXProject section */
		4B06F6B8224526A80069C9F2 /* Project object */ = {
			isa = PBXProject;
			attributes = {
				LastSwiftUpdateCheck = 1010;
				LastUpgradeCheck = 1010;
				ORGANIZATIONNAME = "Tae Won Ha";
				TargetAttributes = {
					4B06F6BF224526A80069C9F2 = {
						CreatedOnToolsVersion = 10.1;
					};
				};
			};
			buildConfigurationList = 4B06F6BB224526A80069C9F2 /* Build configuration list for PBXProject "Nvim" */;
			compatibilityVersion = "Xcode 9.3";
			developmentRegion = en;
			hasScannedForEncodings = 0;
			knownRegions = (
				en,
				Base,
			);
			mainGroup = 4B06F6B7224526A80069C9F2;
			productRefGroup = 4B06F6C1224526A80069C9F2 /* Products */;
			projectDirPath = "";
			projectRoot = "";
			targets = (
				4B06F6BF224526A80069C9F2 /* Nvim */,
			);
		};
/* End PBXProject section */

/* Begin PBXResourcesBuildPhase section */
		4B06F6BE224526A80069C9F2 /* Resources */ = {
			isa = PBXResourcesBuildPhase;
			buildActionMask = 2147483647;
			files = (
				4B06F6CB224526A90069C9F2 /* Assets.xcassets in Resources */,
				4B06F6C9224526A90069C9F2 /* Document.xib in Resources */,
				4B06F6CE224526A90069C9F2 /* MainMenu.xib in Resources */,
			);
			runOnlyForDeploymentPostprocessing = 0;
		};
/* End PBXResourcesBuildPhase section */

/* Begin PBXSourcesBuildPhase section */
		4B06F6BC224526A80069C9F2 /* Sources */ = {
			isa = PBXSourcesBuildPhase;
			buildActionMask = 2147483647;
			files = (
				4B06F6C6224526A80069C9F2 /* Document.swift in Sources */,
				4B06F6C4224526A80069C9F2 /* AppDelegate.swift in Sources */,
				1929BD74E96247C6E8458B86 /* RxSwiftCommons.swift in Sources */,
			);
			runOnlyForDeploymentPostprocessing = 0;
		};
/* End PBXSourcesBuildPhase section */

/* Begin PBXVariantGroup section */
		4B06F6C7224526A80069C9F2 /* Document.xib */ = {
			isa = PBXVariantGroup;
			children = (
				4B06F6C8224526A80069C9F2 /* Base */,
			);
			name = Document.xib;
			sourceTree = "<group>";
		};
		4B06F6CC224526A90069C9F2 /* MainMenu.xib */ = {
			isa = PBXVariantGroup;
			children = (
				4B06F6CD224526A90069C9F2 /* Base */,
			);
			name = MainMenu.xib;
			sourceTree = "<group>";
		};
/* End PBXVariantGroup section */

/* Begin XCBuildConfiguration section */
		4B06F6D1224526A90069C9F2 /* Debug */ = {
			isa = XCBuildConfiguration;
			buildSettings = {
				ALWAYS_SEARCH_USER_PATHS = NO;
				CLANG_ANALYZER_NONNULL = YES;
				CLANG_ANALYZER_NUMBER_OBJECT_CONVERSION = YES_AGGRESSIVE;
				CLANG_CXX_LANGUAGE_STANDARD = "gnu++14";
				CLANG_CXX_LIBRARY = "libc++";
				CLANG_ENABLE_MODULES = YES;
				CLANG_ENABLE_OBJC_ARC = YES;
				CLANG_ENABLE_OBJC_WEAK = YES;
				CLANG_WARN_BLOCK_CAPTURE_AUTORELEASING = YES;
				CLANG_WARN_BOOL_CONVERSION = YES;
				CLANG_WARN_COMMA = YES;
				CLANG_WARN_CONSTANT_CONVERSION = YES;
				CLANG_WARN_DEPRECATED_OBJC_IMPLEMENTATIONS = YES;
				CLANG_WARN_DIRECT_OBJC_ISA_USAGE = YES_ERROR;
				CLANG_WARN_DOCUMENTATION_COMMENTS = YES;
				CLANG_WARN_EMPTY_BODY = YES;
				CLANG_WARN_ENUM_CONVERSION = YES;
				CLANG_WARN_INFINITE_RECURSION = YES;
				CLANG_WARN_INT_CONVERSION = YES;
				CLANG_WARN_NON_LITERAL_NULL_CONVERSION = YES;
				CLANG_WARN_OBJC_IMPLICIT_RETAIN_SELF = YES;
				CLANG_WARN_OBJC_LITERAL_CONVERSION = YES;
				CLANG_WARN_OBJC_ROOT_CLASS = YES_ERROR;
				CLANG_WARN_RANGE_LOOP_ANALYSIS = YES;
				CLANG_WARN_STRICT_PROTOTYPES = YES;
				CLANG_WARN_SUSPICIOUS_MOVE = YES;
				CLANG_WARN_UNGUARDED_AVAILABILITY = YES_AGGRESSIVE;
				CLANG_WARN_UNREACHABLE_CODE = YES;
				CLANG_WARN__DUPLICATE_METHOD_MATCH = YES;
				COPY_PHASE_STRIP = NO;
				DEBUG_INFORMATION_FORMAT = dwarf;
				ENABLE_STRICT_OBJC_MSGSEND = YES;
				ENABLE_TESTABILITY = YES;
				GCC_C_LANGUAGE_STANDARD = gnu11;
				GCC_DYNAMIC_NO_PIC = NO;
				GCC_NO_COMMON_BLOCKS = YES;
				GCC_OPTIMIZATION_LEVEL = 0;
				GCC_PREPROCESSOR_DEFINITIONS = (
					"DEBUG=1",
					"$(inherited)",
				);
				GCC_WARN_64_TO_32_BIT_CONVERSION = YES;
				GCC_WARN_ABOUT_RETURN_TYPE = YES_ERROR;
				GCC_WARN_UNDECLARED_SELECTOR = YES;
				GCC_WARN_UNINITIALIZED_AUTOS = YES_AGGRESSIVE;
				GCC_WARN_UNUSED_FUNCTION = YES;
				GCC_WARN_UNUSED_VARIABLE = YES;
				MACOSX_DEPLOYMENT_TARGET = 10.12;
				MTL_ENABLE_DEBUG_INFO = INCLUDE_SOURCE;
				MTL_FAST_MATH = YES;
				ONLY_ACTIVE_ARCH = YES;
				SDKROOT = macosx;
				SWIFT_ACTIVE_COMPILATION_CONDITIONS = DEBUG;
				SWIFT_OPTIMIZATION_LEVEL = "-Onone";
				SWIFT_VERSION = 5.0;
			};
			name = Debug;
		};
		4B06F6D2224526A90069C9F2 /* Release */ = {
			isa = XCBuildConfiguration;
			buildSettings = {
				ALWAYS_SEARCH_USER_PATHS = NO;
				CLANG_ANALYZER_NONNULL = YES;
				CLANG_ANALYZER_NUMBER_OBJECT_CONVERSION = YES_AGGRESSIVE;
				CLANG_CXX_LANGUAGE_STANDARD = "gnu++14";
				CLANG_CXX_LIBRARY = "libc++";
				CLANG_ENABLE_MODULES = YES;
				CLANG_ENABLE_OBJC_ARC = YES;
				CLANG_ENABLE_OBJC_WEAK = YES;
				CLANG_WARN_BLOCK_CAPTURE_AUTORELEASING = YES;
				CLANG_WARN_BOOL_CONVERSION = YES;
				CLANG_WARN_COMMA = YES;
				CLANG_WARN_CONSTANT_CONVERSION = YES;
				CLANG_WARN_DEPRECATED_OBJC_IMPLEMENTATIONS = YES;
				CLANG_WARN_DIRECT_OBJC_ISA_USAGE = YES_ERROR;
				CLANG_WARN_DOCUMENTATION_COMMENTS = YES;
				CLANG_WARN_EMPTY_BODY = YES;
				CLANG_WARN_ENUM_CONVERSION = YES;
				CLANG_WARN_INFINITE_RECURSION = YES;
				CLANG_WARN_INT_CONVERSION = YES;
				CLANG_WARN_NON_LITERAL_NULL_CONVERSION = YES;
				CLANG_WARN_OBJC_IMPLICIT_RETAIN_SELF = YES;
				CLANG_WARN_OBJC_LITERAL_CONVERSION = YES;
				CLANG_WARN_OBJC_ROOT_CLASS = YES_ERROR;
				CLANG_WARN_RANGE_LOOP_ANALYSIS = YES;
				CLANG_WARN_STRICT_PROTOTYPES = YES;
				CLANG_WARN_SUSPICIOUS_MOVE = YES;
				CLANG_WARN_UNGUARDED_AVAILABILITY = YES_AGGRESSIVE;
				CLANG_WARN_UNREACHABLE_CODE = YES;
				CLANG_WARN__DUPLICATE_METHOD_MATCH = YES;
				COPY_PHASE_STRIP = NO;
				DEBUG_INFORMATION_FORMAT = "dwarf-with-dsym";
				ENABLE_NS_ASSERTIONS = NO;
				ENABLE_STRICT_OBJC_MSGSEND = YES;
				GCC_C_LANGUAGE_STANDARD = gnu11;
				GCC_NO_COMMON_BLOCKS = YES;
				GCC_WARN_64_TO_32_BIT_CONVERSION = YES;
				GCC_WARN_ABOUT_RETURN_TYPE = YES_ERROR;
				GCC_WARN_UNDECLARED_SELECTOR = YES;
				GCC_WARN_UNINITIALIZED_AUTOS = YES_AGGRESSIVE;
				GCC_WARN_UNUSED_FUNCTION = YES;
				GCC_WARN_UNUSED_VARIABLE = YES;
				MACOSX_DEPLOYMENT_TARGET = 10.12;
				MTL_ENABLE_DEBUG_INFO = NO;
				MTL_FAST_MATH = YES;
				SDKROOT = macosx;
				SWIFT_COMPILATION_MODE = wholemodule;
				SWIFT_OPTIMIZATION_LEVEL = "-O";
				SWIFT_VERSION = 5.0;
			};
			name = Release;
		};
		4B06F6D4224526A90069C9F2 /* Debug */ = {
			isa = XCBuildConfiguration;
			buildSettings = {
				ASSETCATALOG_COMPILER_APPICON_NAME = AppIcon;
				COMBINE_HIDPI_IMAGES = YES;
				FRAMEWORK_SEARCH_PATHS = "$(PROJECT_DIR)/../Carthage/Build/Mac";
				INFOPLIST_FILE = Nvim/Info.plist;
				LD_RUNPATH_SEARCH_PATHS = (
					"$(inherited)",
					"@executable_path/../Frameworks",
				);
				PRODUCT_BUNDLE_IDENTIFIER = com.qvacua.Nvim;
				PRODUCT_NAME = "$(TARGET_NAME)";
				SWIFT_VERSION = 4.2;
			};
			name = Debug;
		};
		4B06F6D5224526A90069C9F2 /* Release */ = {
			isa = XCBuildConfiguration;
			buildSettings = {
				ASSETCATALOG_COMPILER_APPICON_NAME = AppIcon;
				COMBINE_HIDPI_IMAGES = YES;
				FRAMEWORK_SEARCH_PATHS = "$(PROJECT_DIR)/../Carthage/Build/Mac";
				INFOPLIST_FILE = Nvim/Info.plist;
				LD_RUNPATH_SEARCH_PATHS = (
					"$(inherited)",
					"@executable_path/../Frameworks",
				);
				PRODUCT_BUNDLE_IDENTIFIER = com.qvacua.Nvim;
				PRODUCT_NAME = "$(TARGET_NAME)";
				SWIFT_VERSION = 4.2;
			};
			name = Release;
		};
/* End XCBuildConfiguration section */

/* Begin XCConfigurationList section */
		4B06F6BB224526A80069C9F2 /* Build configuration list for PBXProject "Nvim" */ = {
			isa = XCConfigurationList;
			buildConfigurations = (
				4B06F6D1224526A90069C9F2 /* Debug */,
				4B06F6D2224526A90069C9F2 /* Release */,
			);
			defaultConfigurationIsVisible = 0;
			defaultConfigurationName = Release;
		};
		4B06F6D3224526A90069C9F2 /* Build configuration list for PBXNativeTarget "Nvim" */ = {
			isa = XCConfigurationList;
			buildConfigurations = (
				4B06F6D4224526A90069C9F2 /* Debug */,
				4B06F6D5224526A90069C9F2 /* Release */,
			);
			defaultConfigurationIsVisible = 0;
			defaultConfigurationName = Release;
		};
/* End XCConfigurationList section */
	};
	rootObject = 4B06F6B8224526A80069C9F2 /* Project object */;
}
